
Microsoft Visual Studio Solution File, Format Version 12.00
# Visual Studio 14
VisualStudioVersion = 14.0.23107.0
MinimumVisualStudioVersion = 10.0.40219.1
Project("{FAE04EC0-301F-11D3-BF4B-00C04F79EFBC}") = "LoginADO", "LoginADO\LoginADO.csproj", "{BCE37837-ED85-4E8C-9BAD-F4333D802EE8}"
EndProject
Global
	GlobalSection(SolutionConfigurationPlatforms) = preSolution
		Debug|Any CPU = Debug|Any CPU
		Release|Any CPU = Release|Any CPU
	EndGlobalSection
	GlobalSection(ProjectConfigurationPlatforms) = postSolution
		{BCE37837-ED85-4E8C-9BAD-F4333D802EE8}.Debug|Any CPU.ActiveCfg = Debug|Any CPU
		{BCE37837-ED85-4E8C-9BAD-F4333D802EE8}.Debug|Any CPU.Build.0 = Debug|Any CPU
		{BCE37837-ED85-4E8C-9BAD-F4333D802EE8}.Release|Any CPU.ActiveCfg = Release|Any CPU
		{BCE37837-ED85-4E8C-9BAD-F4333D802EE8}.Release|Any CPU.Build.0 = Release|Any CPU
	EndGlobalSection
	GlobalSection(SolutionProperties) = preSolution
		HideSolutionNode = FALSE
	EndGlobalSection
EndGlobal
