
Microsoft Visual Studio Solution File, Format Version 12.00
# Visual Studio 14
VisualStudioVersion = 14.0.23107.0
MinimumVisualStudioVersion = 10.0.40219.1
Project("{FAE04EC0-301F-11D3-BF4B-00C04F79EFBC}") = "GestorAlumnos2", "GestorAlumnos2\GestorAlumnos2.csproj", "{7E76D9CB-CDC4-4324-8DCE-8AB8CF31CAE9}"
EndProject
Project("{FAE04EC0-301F-11D3-BF4B-00C04F79EFBC}") = "GestorCoches", "GestorCoches\GestorCoches.csproj", "{6D5818AC-34D2-468A-AA85-0E1E38CD8D9A}"
EndProject
Global
	GlobalSection(SolutionConfigurationPlatforms) = preSolution
		Debug|Any CPU = Debug|Any CPU
		Release|Any CPU = Release|Any CPU
	EndGlobalSection
	GlobalSection(ProjectConfigurationPlatforms) = postSolution
		{7E76D9CB-CDC4-4324-8DCE-8AB8CF31CAE9}.Debug|Any CPU.ActiveCfg = Debug|Any CPU
		{7E76D9CB-CDC4-4324-8DCE-8AB8CF31CAE9}.Debug|Any CPU.Build.0 = Debug|Any CPU
		{7E76D9CB-CDC4-4324-8DCE-8AB8CF31CAE9}.Release|Any CPU.ActiveCfg = Release|Any CPU
		{7E76D9CB-CDC4-4324-8DCE-8AB8CF31CAE9}.Release|Any CPU.Build.0 = Release|Any CPU
		{6D5818AC-34D2-468A-AA85-0E1E38CD8D9A}.Debug|Any CPU.ActiveCfg = Debug|Any CPU
		{6D5818AC-34D2-468A-AA85-0E1E38CD8D9A}.Debug|Any CPU.Build.0 = Debug|Any CPU
		{6D5818AC-34D2-468A-AA85-0E1E38CD8D9A}.Release|Any CPU.ActiveCfg = Release|Any CPU
		{6D5818AC-34D2-468A-AA85-0E1E38CD8D9A}.Release|Any CPU.Build.0 = Release|Any CPU
	EndGlobalSection
	GlobalSection(SolutionProperties) = preSolution
		HideSolutionNode = FALSE
	EndGlobalSection
EndGlobal
